{
    "_readme": [
        "This file locks the dependencies of your project to a known state",
        "Read more about it at https://getcomposer.org/doc/01-basic-usage.md#installing-dependencies",
        "This file is @generated automatically"
    ],
    "content-hash": "294b55a7a0d866b0cfd8083b0e271053",
    "packages": [
        {
            "name": "mvanvu/php-filter",
            "version": "1.0.5",
            "source": {
                "type": "git",
                "url": "https://github.com/mvanvu/php-filter.git",
                "reference": "ed1601a01add7847efe1d3c63e182ddadb94a238"
            },
            "dist": {
                "type": "zip",
                "url": "https://api.github.com/repos/mvanvu/php-filter/zipball/ed1601a01add7847efe1d3c63e182ddadb94a238",
                "reference": "ed1601a01add7847efe1d3c63e182ddadb94a238",
                "shasum": ""
            },
            "require": {
                "ext-json": "*",
                "php": ">=5.5"
            },
            "type": "php",
            "autoload": {
                "psr-4": {
                    "MaiVu\\Php\\": "src/"
                }
            },
            "notification-url": "https://packagist.org/downloads/",
            "license": [
                "MIT"
            ],
            "authors": [
                {
                    "name": "Mai Vu",
                    "email": "maivubc@gmail.com",
                    "role": "Developer"
                }
            ],
            "description": "Php Input Filter package",
            "homepage": "https://github.com/mvanvu/php-filter",
            "keywords": [
                "filter",
                "input",
                "php"
            ],
            "support": {
                "issues": "https://github.com/mvanvu/php-filter/issues",
                "source": "https://github.com/mvanvu/php-filter/tree/1.0.5"
            },
            "time": "2021-03-09T14:14:24+00:00"
        },
        {
            "name": "mvanvu/php-form",
            "version": "1.0.1",
            "source": {
                "type": "git",
                "url": "https://github.com/mvanvu/php-form.git",
                "reference": "11ddd3d9f2e8635b52c1c44affe31f939a45a8f3"
            },
            "dist": {
                "type": "zip",
                "url": "https://api.github.com/repos/mvanvu/php-form/zipball/11ddd3d9f2e8635b52c1c44affe31f939a45a8f3",
                "reference": "11ddd3d9f2e8635b52c1c44affe31f939a45a8f3",
                "shasum": ""
            },
            "require": {
                "ext-json": "*",
                "ext-mbstring": "*",
                "mvanvu/php-registry": "~1.0",
                "php": ">=7.1"
            },
            "type": "php",
            "autoload": {
                "psr-4": {
                    "MaiVu\\Php\\Form\\": "src/"
                }
            },
            "notification-url": "https://packagist.org/downloads/",
            "license": [
                "MIT"
            ],
            "authors": [
                {
                    "name": "Mai Vu",
                    "email": "maivubc@gmail.com",
                    "role": "Developer"
                }
            ],
            "description": "Php Form package",
            "homepage": "https://github.com/mvanvu/php-form",
            "keywords": [
                "php",
                "registry"
            ],
            "support": {
                "issues": "https://github.com/mvanvu/php-form/issues",
                "source": "https://github.com/mvanvu/php-form/tree/1.0.1"
            },
            "time": "2021-01-27T09:35:51+00:00"
        },
        {
            "name": "mvanvu/php-registry",
            "version": "1.0.5",
            "source": {
                "type": "git",
                "url": "https://github.com/mvanvu/php-registry.git",
                "reference": "7e77dfd81239762b40cc0643a1f8dde5d514b709"
            },
            "dist": {
                "type": "zip",
                "url": "https://api.github.com/repos/mvanvu/php-registry/zipball/7e77dfd81239762b40cc0643a1f8dde5d514b709",
                "reference": "7e77dfd81239762b40cc0643a1f8dde5d514b709",
                "shasum": ""
            },
            "require": {
                "ext-json": "*",
                "mvanvu/php-filter": "~1.0",
                "php": ">=7.0"
            },
            "type": "php",
            "autoload": {
                "psr-4": {
                    "MaiVu\\Php\\": "src/"
                }
            },
            "notification-url": "https://packagist.org/downloads/",
            "license": [
                "MIT"
            ],
            "authors": [
                {
                    "name": "Mai Vu",
                    "email": "maivubc@gmail.com",
                    "role": "Developer"
                }
            ],
            "description": "Php Registry package",
            "homepage": "https://github.com/mvanvu/php-registry",
            "keywords": [
                "php",
                "registry"
            ],
            "support": {
                "issues": "https://github.com/mvanvu/php-registry/issues",
                "source": "https://github.com/mvanvu/php-registry/tree/1.0.5"
            },
            "time": "2021-01-27T09:24:20+00:00"
        },
        {
            "name": "phpmailer/phpmailer",
            "version": "v6.5.0",
            "source": {
                "type": "git",
                "url": "https://github.com/PHPMailer/PHPMailer.git",
                "reference": "a5b5c43e50b7fba655f793ad27303cd74c57363c"
            },
            "dist": {
                "type": "zip",
                "url": "https://api.github.com/repos/PHPMailer/PHPMailer/zipball/a5b5c43e50b7fba655f793ad27303cd74c57363c",
                "reference": "a5b5c43e50b7fba655f793ad27303cd74c57363c",
                "shasum": ""
            },
            "require": {
                "ext-ctype": "*",
                "ext-filter": "*",
                "ext-hash": "*",
                "php": ">=5.5.0"
            },
            "require-dev": {
                "dealerdirect/phpcodesniffer-composer-installer": "^0.7.0",
                "doctrine/annotations": "^1.2",
                "phpcompatibility/php-compatibility": "^9.3.5",
                "roave/security-advisories": "dev-latest",
                "squizlabs/php_codesniffer": "^3.5.6",
                "yoast/phpunit-polyfills": "^0.2.0"
            },
            "suggest": {
                "ext-mbstring": "Needed to send email in multibyte encoding charset or decode encoded addresses",
                "hayageek/oauth2-yahoo": "Needed for Yahoo XOAUTH2 authentication",
                "league/oauth2-google": "Needed for Google XOAUTH2 authentication",
                "psr/log": "For optional PSR-3 debug logging",
                "stevenmaguire/oauth2-microsoft": "Needed for Microsoft XOAUTH2 authentication",
                "symfony/polyfill-mbstring": "To support UTF-8 if the Mbstring PHP extension is not enabled (^1.2)"
            },
            "type": "library",
            "autoload": {
                "psr-4": {
                    "PHPMailer\\PHPMailer\\": "src/"
                }
            },
            "notification-url": "https://packagist.org/downloads/",
            "license": [
                "LGPL-2.1-only"
            ],
            "authors": [
                {
                    "name": "Marcus Bointon",
                    "email": "phpmailer@synchromedia.co.uk"
                },
                {
                    "name": "Jim Jagielski",
                    "email": "jimjag@gmail.com"
                },
                {
                    "name": "Andy Prevost",
                    "email": "codeworxtech@users.sourceforge.net"
                },
                {
                    "name": "Brent R. Matzelle"
                }
            ],
            "description": "PHPMailer is a full-featured email creation and transfer class for PHP",
            "support": {
                "issues": "https://github.com/PHPMailer/PHPMailer/issues",
                "source": "https://github.com/PHPMailer/PHPMailer/tree/v6.5.0"
            },
            "funding": [
                {
                    "url": "https://github.com/Synchro",
                    "type": "github"
                }
            ],
            "time": "2021-06-16T14:33:43+00:00"
        }
    ],
    "packages-dev": [],
    "aliases": [],
    "minimum-stability": "stable",
    "stability-flags": [],
    "prefer-stable": false,
    "prefer-lowest": false,
    "platform": {
        "ext-json": "*",
        "ext-mbstring": "*",
        "ext-zip": "*",
        "ext-curl": "*",
        "ext-gd": "*",
        "ext-pdo": "*"
    },
    "platform-dev": [],
    "plugin-api-version": "2.1.0"
}
